// !$*UTF8*$!
{
	archiveVersion = 1;
	classes = {
	};
	objectVersion = 77;
	objects = {

/* Begin PBXBuildFile section */
		03BA6BB91E993254FC211C26 /* LiveStream.swift in Sources */ = {isa = PBXBuildFile; fileRef = 46789E7F27386905AE913E63 /* LiveStream.swift */; };
		072138162911E224374D58D6 /* BridgeAPI.swift in Sources */ = {isa = PBXBuildFile; fileRef = 17FE019B7E3AFE688FBDA794 /* BridgeAPI.swift */; };
		1F5A3A279E63DDDEF3A42604 /* BoardAPI.swift in Sources */ = {isa = PBXBuildFile; fileRef = FAB69B9CE942978263D6D3B5 /* BoardAPI.swift */; };
		2BDC9591B270A4073339FB8C /* AgentActivityAttributes.swift in Sources */ = {isa = PBXBuildFile; fileRef = C89B5820E90B67BEEEA1E33D /* AgentActivityAttributes.swift */; };
		3AF7A6EC03863CDDBB5F33FE /* AtlasAgentsApp.swift in Sources */ = {isa = PBXBuildFile; fileRef = FEF48E8DE087C5809245FF29 /* AtlasAgentsApp.swift */; };
		49E057E7BCFAE927FD5AE9C2 /* AgentActivityAttributes.swift in Sources */ = {isa = PBXBuildFile; fileRef = C89B5820E90B67BEEEA1E33D /* AgentActivityAttributes.swift */; };
		50FEC3E241A8898BC2C8C4BC /* NowScreen.swift in Sources */ = {isa = PBXBuildFile; fileRef = 05B406EC88F7330B7C94E56A /* NowScreen.swift */; };
		68498ABA575418D7A95B1FD0 /* Theme.swift in Sources */ = {isa = PBXBuildFile; fileRef = 4DC35C3E62662BCFA56F6E80 /* Theme.swift */; };
		685759BC2B0968F574AC1846 /* Assets.xcassets in Resources */ = {isa = PBXBuildFile; fileRef = 8F98C24DE9952A2EDBC5C1BE /* Assets.xcassets */; };
		6F2088D13B48B4C0001A5DB5 /* SettingsScreen.swift in Sources */ = {isa = PBXBuildFile; fileRef = 9DECADC6AC79700DC21C12A9 /* SettingsScreen.swift */; };
		723193D7879819ADAADD1D78 /* BridgeAPI.swift in Sources */ = {isa = PBXBuildFile; fileRef = 17FE019B7E3AFE688FBDA794 /* BridgeAPI.swift */; };
		825F44D29CCC2F525C4A1965 /* BoardAPI.swift in Sources */ = {isa = PBXBuildFile; fileRef = FAB69B9CE942978263D6D3B5 /* BoardAPI.swift */; };
		8301C162E222ECABB32837C5 /* Secrets.swift in Sources */ = {isa = PBXBuildFile; fileRef = 4D96FFE5BE12CFC67BFCB353 /* Secrets.swift */; };
		988748C99D6B68B4138596BA /* AtlasAgentsWidgets.swift in Sources */ = {isa = PBXBuildFile; fileRef = E457A7F17A338D849DC5BFE1 /* AtlasAgentsWidgets.swift */; };
		9903B50A62570D708D3CCF17 /* IssueDetailScreen.swift in Sources */ = {isa = PBXBuildFile; fileRef = D5CA8C7F92E77AF0E996679D /* IssueDetailScreen.swift */; };
		9CE10948124EFACC43DFF1DE /* LiveStream.swift in Sources */ = {isa = PBXBuildFile; fileRef = 46789E7F27386905AE913E63 /* LiveStream.swift */; };
		9CE980EBE70811820FAAACC4 /* PaperclipAPI.swift in Sources */ = {isa = PBXBuildFile; fileRef = 285C92FBE8F2B031F97FEE69 /* PaperclipAPI.swift */; };
		ACF7DC22018AB4FEE16289C0 /* AppModel.swift in Sources */ = {isa = PBXBuildFile; fileRef = 2D44E56F967E48451812E520 /* AppModel.swift */; };
		B8D621D14F217DD129CD5B46 /* AtlasAgentsWidgets.appex in Embed Foundation Extensions */ = {isa = PBXBuildFile; fileRef = 371FEA12E461E1FFA6CE031F /* AtlasAgentsWidgets.appex */; settings = {ATTRIBUTES = (RemoveHeadersOnCopy, ); }; };
		BEAA85018F1068DFDDB7D8E2 /* Secrets.swift in Sources */ = {isa = PBXBuildFile; fileRef = 4D96FFE5BE12CFC67BFCB353 /* Secrets.swift */; };
		E55DF0AAE61497C153C50913 /* BoardStore.swift in Sources */ = {isa = PBXBuildFile; fileRef = 8BFED180D766E53C878519CD /* BoardStore.swift */; };
		F4526A6281E0D5F4B5161CAB /* BoardScreen.swift in Sources */ = {isa = PBXBuildFile; fileRef = 6E18CE4A6CF9564DBCCD2214 /* BoardScreen.swift */; };
		F65CEB45917722AA21F837F5 /* PaperclipAPI.swift in Sources */ = {isa = PBXBuildFile; fileRef = 285C92FBE8F2B031F97FEE69 /* PaperclipAPI.swift */; };
/* End PBXBuildFile section */

/* Begin PBXContainerItemProxy section */
		528E85B0E53780E04CC58882 /* PBXContainerItemProxy */ = {
			isa = PBXContainerItemProxy;
			containerPortal = CC711E323E9AAE61987CDC51 /* Project object */;
			proxyType = 1;
			remoteGlobalIDString = 32E0233AB520948B744D021F;
			remoteInfo = AtlasAgentsWidgets;
		};
/* End PBXContainerItemProxy section */

/* Begin PBXCopyFilesBuildPhase section */
		73BBC291F56127EC2639D6B2 /* Embed Foundation Extensions */ = {
			isa = PBXCopyFilesBuildPhase;
			buildActionMask = 2147483647;
			dstPath = "";
			dstSubfolderSpec = 13;
			files = (
				B8D621D14F217DD129CD5B46 /* AtlasAgentsWidgets.appex in Embed Foundation Extensions */,
			);
			name = "Embed Foundation Extensions";
			runOnlyForDeploymentPostprocessing = 0;
		};
/* End PBXCopyFilesBuildPhase section */

/* Begin PBXFileReference section */
		05B406EC88F7330B7C94E56A /* NowScreen.swift */ = {isa = PBXFileReference; lastKnownFileType = sourcecode.swift; path = NowScreen.swift; sourceTree = "<group>"; };
		085DF62A278CF4B2088F3C6D /* Info.plist */ = {isa = PBXFileReference; lastKnownFileType = text.plist; path = Info.plist; sourceTree = "<group>"; };
		17FE019B7E3AFE688FBDA794 /* BridgeAPI.swift */ = {isa = PBXFileReference; lastKnownFileType = sourcecode.swift; path = BridgeAPI.swift; sourceTree = "<group>"; };
		285C92FBE8F2B031F97FEE69 /* PaperclipAPI.swift */ = {isa = PBXFileReference; lastKnownFileType = sourcecode.swift; path = PaperclipAPI.swift; sourceTree = "<group>"; };
		2D44E56F967E48451812E520 /* AppModel.swift */ = {isa = PBXFileReference; lastKnownFileType = sourcecode.swift; path = AppModel.swift; sourceTree = "<group>"; };
		371FEA12E461E1FFA6CE031F /* AtlasAgentsWidgets.appex */ = {isa = PBXFileReference; includeInIndex = 0; lastKnownFileType = "wrapper.app-extension"; path = AtlasAgentsWidgets.appex; sourceTree = BUILT_PRODUCTS_DIR; };
		46789E7F27386905AE913E63 /* LiveStream.swift */ = {isa = PBXFileReference; lastKnownFileType = sourcecode.swift; path = LiveStream.swift; sourceTree = "<group>"; };
		4D96FFE5BE12CFC67BFCB353 /* Secrets.swift */ = {isa = PBXFileReference; lastKnownFileType = sourcecode.swift; path = Secrets.swift; sourceTree = "<group>"; };
		4DC35C3E62662BCFA56F6E80 /* Theme.swift */ = {isa = PBXFileReference; lastKnownFileType = sourcecode.swift; path = Theme.swift; sourceTree = "<group>"; };
		6E18CE4A6CF9564DBCCD2214 /* BoardScreen.swift */ = {isa = PBXFileReference; lastKnownFileType = sourcecode.swift; path = BoardScreen.swift; sourceTree = "<group>"; };
		73C3D83DA52FCD4A1DA27279 /* AtlasAgents.app */ = {isa = PBXFileReference; includeInIndex = 0; lastKnownFileType = wrapper.application; path = AtlasAgents.app; sourceTree = BUILT_PRODUCTS_DIR; };
		8BFED180D766E53C878519CD /* BoardStore.swift */ = {isa = PBXFileReference; lastKnownFileType = sourcecode.swift; path = BoardStore.swift; sourceTree = "<group>"; };
		8F98C24DE9952A2EDBC5C1BE /* Assets.xcassets */ = {isa = PBXFileReference; lastKnownFileType = folder.assetcatalog; path = Assets.xcassets; sourceTree = "<group>"; };
		9DECADC6AC79700DC21C12A9 /* SettingsScreen.swift */ = {isa = PBXFileReference; lastKnownFileType = sourcecode.swift; path = SettingsScreen.swift; sourceTree = "<group>"; };
		C64BF66A32E98C4C5349F356 /* Info.plist */ = {isa = PBXFileReference; lastKnownFileType = text.plist; path = Info.plist; sourceTree = "<group>"; };
		C89B5820E90B67BEEEA1E33D /* AgentActivityAttributes.swift */ = {isa = PBXFileReference; lastKnownFileType = sourcecode.swift; path = AgentActivityAttributes.swift; sourceTree = "<group>"; };
		D5CA8C7F92E77AF0E996679D /* IssueDetailScreen.swift */ = {isa = PBXFileReference; lastKnownFileType = sourcecode.swift; path = IssueDetailScreen.swift; sourceTree = "<group>"; };
		E457A7F17A338D849DC5BFE1 /* AtlasAgentsWidgets.swift */ = {isa = PBXFileReference; lastKnownFileType = sourcecode.swift; path = AtlasAgentsWidgets.swift; sourceTree = "<group>"; };
		FAB69B9CE942978263D6D3B5 /* BoardAPI.swift */ = {isa = PBXFileReference; lastKnownFileType = sourcecode.swift; path = BoardAPI.swift; sourceTree = "<group>"; };
		FEF48E8DE087C5809245FF29 /* AtlasAgentsApp.swift */ = {isa = PBXFileReference; lastKnownFileType = sourcecode.swift; path = AtlasAgentsApp.swift; sourceTree = "<group>"; };
/* End PBXFileReference section */

/* Begin PBXGroup section */
		07995145DBA4268A1A10DC7C = {
			isa = PBXGroup;
			children = (
				7B2A4B5BF2FD5C18E289B18E /* Sources */,
				5FF8AE018E38D2139C555A2D /* Widgets */,
				CDFBE63705AEF8C9CF4F8912 /* Products */,
			);
			sourceTree = "<group>";
		};
		0D04FBD1C0A40E4D2A852177 /* Views */ = {
			isa = PBXGroup;
			children = (
				6E18CE4A6CF9564DBCCD2214 /* BoardScreen.swift */,
				D5CA8C7F92E77AF0E996679D /* IssueDetailScreen.swift */,
				05B406EC88F7330B7C94E56A /* NowScreen.swift */,
				9DECADC6AC79700DC21C12A9 /* SettingsScreen.swift */,
			);
			path = Views;
			sourceTree = "<group>";
		};
		4E157CBB458F6AA363649702 /* App */ = {
			isa = PBXGroup;
			children = (
				2D44E56F967E48451812E520 /* AppModel.swift */,
				FEF48E8DE087C5809245FF29 /* AtlasAgentsApp.swift */,
				8BFED180D766E53C878519CD /* BoardStore.swift */,
				4DC35C3E62662BCFA56F6E80 /* Theme.swift */,
			);
			path = App;
			sourceTree = "<group>";
		};
		5ED7AC3A76EE9E702BF16A3E /* Shared */ = {
			isa = PBXGroup;
			children = (
				C89B5820E90B67BEEEA1E33D /* AgentActivityAttributes.swift */,
				FAB69B9CE942978263D6D3B5 /* BoardAPI.swift */,
				17FE019B7E3AFE688FBDA794 /* BridgeAPI.swift */,
				46789E7F27386905AE913E63 /* LiveStream.swift */,
				285C92FBE8F2B031F97FEE69 /* PaperclipAPI.swift */,
				4D96FFE5BE12CFC67BFCB353 /* Secrets.swift */,
			);
			path = Shared;
			sourceTree = "<group>";
		};
		5FF8AE018E38D2139C555A2D /* Widgets */ = {
			isa = PBXGroup;
			children = (
				E457A7F17A338D849DC5BFE1 /* AtlasAgentsWidgets.swift */,
				085DF62A278CF4B2088F3C6D /* Info.plist */,
			);
			path = Widgets;
			sourceTree = "<group>";
		};
		7B2A4B5BF2FD5C18E289B18E /* Sources */ = {
			isa = PBXGroup;
			children = (
				8F98C24DE9952A2EDBC5C1BE /* Assets.xcassets */,
				C64BF66A32E98C4C5349F356 /* Info.plist */,
				4E157CBB458F6AA363649702 /* App */,
				5ED7AC3A76EE9E702BF16A3E /* Shared */,
				0D04FBD1C0A40E4D2A852177 /* Views */,
			);
			path = Sources;
			sourceTree = "<group>";
		};
		CDFBE63705AEF8C9CF4F8912 /* Products */ = {
			isa = PBXGroup;
			children = (
				73C3D83DA52FCD4A1DA27279 /* AtlasAgents.app */,
				371FEA12E461E1FFA6CE031F /* AtlasAgentsWidgets.appex */,
			);
			name = Products;
			sourceTree = "<group>";
		};
/* End PBXGroup section */

/* Begin PBXNativeTarget section */
		32E0233AB520948B744D021F /* AtlasAgentsWidgets */ = {
			isa = PBXNativeTarget;
			buildConfigurationList = 39693F19F4D7512ACE549170 /* Build configuration list for PBXNativeTarget "AtlasAgentsWidgets" */;
			buildPhases = (
				F9A8B45EBD8DA177374E595F /* Sources */,
			);
			buildRules = (
			);
			dependencies = (
			);
			name = AtlasAgentsWidgets;
			packageProductDependencies = (
			);
			productName = AtlasAgentsWidgets;
			productReference = 371FEA12E461E1FFA6CE031F /* AtlasAgentsWidgets.appex */;
			productType = "com.apple.product-type.app-extension";
		};
		F3F70AA3B211E57CA509BA94 /* AtlasAgents */ = {
			isa = PBXNativeTarget;
			buildConfigurationList = 01EE1063EC5CA4A78C2C022D /* Build configuration list for PBXNativeTarget "AtlasAgents" */;
			buildPhases = (
				F7C8A7AD0C98BEDEE3928616 /* Sources */,
				76DF9DCB815F0FEC0E935352 /* Resources */,
				73BBC291F56127EC2639D6B2 /* Embed Foundation Extensions */,
			);
			buildRules = (
			);
			dependencies = (
				E23115BAD6C0AE6F44DFABC9 /* PBXTargetDependency */,
			);
			name = AtlasAgents;
			packageProductDependencies = (
			);
			productName = AtlasAgents;
			productReference = 73C3D83DA52FCD4A1DA27279 /* AtlasAgents.app */;
			productType = "com.apple.product-type.application";
		};
/* End PBXNativeTarget section */

/* Begin PBXProject section */
		CC711E323E9AAE61987CDC51 /* Project object */ = {
			isa = PBXProject;
			attributes = {
				BuildIndependentTargetsInParallel = YES;
				LastUpgradeCheck = 1430;
				TargetAttributes = {
					32E0233AB520948B744D021F = {
						DevelopmentTeam = M8M22924DJ;
						ProvisioningStyle = Automatic;
					};
					F3F70AA3B211E57CA509BA94 = {
						DevelopmentTeam = M8M22924DJ;
						ProvisioningStyle = Automatic;
					};
				};
			};
			buildConfigurationList = 021D29BF6B73610799985833 /* Build configuration list for PBXProject "AtlasAgents" */;
			developmentRegion = en;
			hasScannedForEncodings = 0;
			knownRegions = (
				Base,
				en,
			);
			mainGroup = 07995145DBA4268A1A10DC7C;
			minimizedProjectReferenceProxies = 1;
			preferredProjectObjectVersion = 77;
			productRefGroup = CDFBE63705AEF8C9CF4F8912 /* Products */;
			projectDirPath = "";
			projectRoot = "";
			targets = (
				F3F70AA3B211E57CA509BA94 /* AtlasAgents */,
				32E0233AB520948B744D021F /* AtlasAgentsWidgets */,
			);
		};
/* End PBXProject section */

/* Begin PBXResourcesBuildPhase section */
		76DF9DCB815F0FEC0E935352 /* Resources */ = {
			isa = PBXResourcesBuildPhase;
			buildActionMask = 2147483647;
			files = (
				685759BC2B0968F574AC1846 /* Assets.xcassets in Resources */,
			);
			runOnlyForDeploymentPostprocessing = 0;
		};
/* End PBXResourcesBuildPhase section */

/* Begin PBXSourcesBuildPhase section */
		F7C8A7AD0C98BEDEE3928616 /* Sources */ = {
			isa = PBXSourcesBuildPhase;
			buildActionMask = 2147483647;
			files = (
				2BDC9591B270A4073339FB8C /* AgentActivityAttributes.swift in Sources */,
				ACF7DC22018AB4FEE16289C0 /* AppModel.swift in Sources */,
				3AF7A6EC03863CDDBB5F33FE /* AtlasAgentsApp.swift in Sources */,
				825F44D29CCC2F525C4A1965 /* BoardAPI.swift in Sources */,
				F4526A6281E0D5F4B5161CAB /* BoardScreen.swift in Sources */,
				E55DF0AAE61497C153C50913 /* BoardStore.swift in Sources */,
				723193D7879819ADAADD1D78 /* BridgeAPI.swift in Sources */,
				9903B50A62570D708D3CCF17 /* IssueDetailScreen.swift in Sources */,
				9CE10948124EFACC43DFF1DE /* LiveStream.swift in Sources */,
				50FEC3E241A8898BC2C8C4BC /* NowScreen.swift in Sources */,
				F65CEB45917722AA21F837F5 /* PaperclipAPI.swift in Sources */,
				BEAA85018F1068DFDDB7D8E2 /* Secrets.swift in Sources */,
				6F2088D13B48B4C0001A5DB5 /* SettingsScreen.swift in Sources */,
				68498ABA575418D7A95B1FD0 /* Theme.swift in Sources */,
			);
			runOnlyForDeploymentPostprocessing = 0;
		};
		F9A8B45EBD8DA177374E595F /* Sources */ = {
			isa = PBXSourcesBuildPhase;
			buildActionMask = 2147483647;
			files = (
				49E057E7BCFAE927FD5AE9C2 /* AgentActivityAttributes.swift in Sources */,
				988748C99D6B68B4138596BA /* AtlasAgentsWidgets.swift in Sources */,
				1F5A3A279E63DDDEF3A42604 /* BoardAPI.swift in Sources */,
				072138162911E224374D58D6 /* BridgeAPI.swift in Sources */,
				03BA6BB91E993254FC211C26 /* LiveStream.swift in Sources */,
				9CE980EBE70811820FAAACC4 /* PaperclipAPI.swift in Sources */,
				8301C162E222ECABB32837C5 /* Secrets.swift in Sources */,
			);
			runOnlyForDeploymentPostprocessing = 0;
		};
/* End PBXSourcesBuildPhase section */

/* Begin PBXTargetDependency section */
		E23115BAD6C0AE6F44DFABC9 /* PBXTargetDependency */ = {
			isa = PBXTargetDependency;
			target = 32E0233AB520948B744D021F /* AtlasAgentsWidgets */;
			targetProxy = 528E85B0E53780E04CC58882 /* PBXContainerItemProxy */;
		};
/* End PBXTargetDependency section */

/* Begin XCBuildConfiguration section */
		036114F8330E9738150482A4 /* Debug */ = {
			isa = XCBuildConfiguration;
			buildSettings = {
				CODE_SIGNING_ALLOWED = YES;
				INFOPLIST_FILE = Widgets/Info.plist;
				LD_RUNPATH_SEARCH_PATHS = (
					"$(inherited)",
					"@executable_path/Frameworks",
					"@executable_path/../../Frameworks",
				);
				PRODUCT_BUNDLE_IDENTIFIER = com.lukaloehr.AtlasAgents.Widgets;
				SDKROOT = iphoneos;
				SKIP_INSTALL = YES;
				TARGETED_DEVICE_FAMILY = "1,2";
			};
			name = Debug;
		};
		42E2E5E60F7C483EF127FD0B /* Release */ = {
			isa = XCBuildConfiguration;
			buildSettings = {
				CODE_SIGNING_ALLOWED = YES;
				INFOPLIST_FILE = Widgets/Info.plist;
				LD_RUNPATH_SEARCH_PATHS = (
					"$(inherited)",
					"@executable_path/Frameworks",
					"@executable_path/../../Frameworks",
				);
				PRODUCT_BUNDLE_IDENTIFIER = com.lukaloehr.AtlasAgents.Widgets;
				SDKROOT = iphoneos;
				SKIP_INSTALL = YES;
				TARGETED_DEVICE_FAMILY = "1,2";
			};
			name = Release;
		};
		65BAC83636E34C89B0CDB76E /* Debug */ = {
			isa = XCBuildConfiguration;
			buildSettings = {
				ALWAYS_SEARCH_USER_PATHS = NO;
				ASSETCATALOG_COMPILER_APPICON_NAME = AppIcon;
				CLANG_ANALYZER_NONNULL = YES;
				CLANG_ANALYZER_NUMBER_OBJECT_CONVERSION = YES_AGGRESSIVE;
				CLANG_CXX_LANGUAGE_STANDARD = "gnu++14";
				CLANG_CXX_LIBRARY = "libc++";
				CLANG_ENABLE_MODULES = YES;
				CLANG_ENABLE_OBJC_ARC = YES;
				CLANG_ENABLE_OBJC_WEAK = YES;
				CLANG_WARN_BLOCK_CAPTURE_AUTORELEASING = YES;
				CLANG_WARN_BOOL_CONVERSION = YES;
				CLANG_WARN_COMMA = YES;
				CLANG_WARN_CONSTANT_CONVERSION = YES;
				CLANG_WARN_DEPRECATED_OBJC_IMPLEMENTATIONS = YES;
				CLANG_WARN_DIRECT_OBJC_ISA_USAGE = YES_ERROR;
				CLANG_WARN_DOCUMENTATION_COMMENTS = YES;
				CLANG_WARN_EMPTY_BODY = YES;
				CLANG_WARN_ENUM_CONVERSION = YES;
				CLANG_WARN_INFINITE_RECURSION = YES;
				CLANG_WARN_INT_CONVERSION = YES;
				CLANG_WARN_NON_LITERAL_NULL_CONVERSION = YES;
				CLANG_WARN_OBJC_IMPLICIT_RETAIN_SELF = YES;
				CLANG_WARN_OBJC_LITERAL_CONVERSION = YES;
				CLANG_WARN_OBJC_ROOT_CLASS = YES_ERROR;
				CLANG_WARN_QUOTED_INCLUDE_IN_FRAMEWORK_HEADER = YES;
				CLANG_WARN_RANGE_LOOP_ANALYSIS = YES;
				CLANG_WARN_STRICT_PROTOTYPES = YES;
				CLANG_WARN_SUSPICIOUS_MOVE = YES;
				CLANG_WARN_UNGUARDED_AVAILABILITY = YES_AGGRESSIVE;
				CLANG_WARN_UNREACHABLE_CODE = YES;
				CLANG_WARN__DUPLICATE_METHOD_MATCH = YES;
				CODE_SIGN_STYLE = Automatic;
				COPY_PHASE_STRIP = NO;
				CURRENT_PROJECT_VERSION = 1;
				DEBUG_INFORMATION_FORMAT = dwarf;
				DEVELOPMENT_TEAM = M8M22924DJ;
				ENABLE_STRICT_OBJC_MSGSEND = YES;
				ENABLE_TESTABILITY = YES;
				ENABLE_USER_SCRIPT_SANDBOXING = YES;
				GCC_C_LANGUAGE_STANDARD = gnu11;
				GCC_DYNAMIC_NO_PIC = NO;
				GCC_NO_COMMON_BLOCKS = YES;
				GCC_OPTIMIZATION_LEVEL = 0;
				GCC_PREPROCESSOR_DEFINITIONS = (
					"$(inherited)",
					"DEBUG=1",
				);
				GCC_WARN_64_TO_32_BIT_CONVERSION = YES;
				GCC_WARN_ABOUT_RETURN_TYPE = YES_ERROR;
				GCC_WARN_UNDECLARED_SELECTOR = YES;
				GCC_WARN_UNINITIALIZED_AUTOS = YES_AGGRESSIVE;
				GCC_WARN_UNUSED_FUNCTION = YES;
				GCC_WARN_UNUSED_VARIABLE = YES;
				GENERATE_INFOPLIST_FILE = NO;
				IPHONEOS_DEPLOYMENT_TARGET = 26.0;
				MARKETING_VERSION = 1.0;
				MTL_ENABLE_DEBUG_INFO = INCLUDE_SOURCE;
				MTL_FAST_MATH = YES;
				ONLY_ACTIVE_ARCH = YES;
				PRODUCT_NAME = "$(TARGET_NAME)";
				SDKROOT = iphoneos;
				SWIFT_ACTIVE_COMPILATION_CONDITIONS = DEBUG;
				SWIFT_OPTIMIZATION_LEVEL = "-Onone";
				SWIFT_VERSION = 5.0;
				TARGETED_DEVICE_FAMILY = 1;
			};
			name = Debug;
		};
		75813BADBCFFA2F1F367F048 /* Release */ = {
			isa = XCBuildConfiguration;
			buildSettings = {
				ALWAYS_SEARCH_USER_PATHS = NO;
				ASSETCATALOG_COMPILER_APPICON_NAME = AppIcon;
				CLANG_ANALYZER_NONNULL = YES;
				CLANG_ANALYZER_NUMBER_OBJECT_CONVERSION = YES_AGGRESSIVE;
				CLANG_CXX_LANGUAGE_STANDARD = "gnu++14";
				CLANG_CXX_LIBRARY = "libc++";
				CLANG_ENABLE_MODULES = YES;
				CLANG_ENABLE_OBJC_ARC = YES;
				CLANG_ENABLE_OBJC_WEAK = YES;
				CLANG_WARN_BLOCK_CAPTURE_AUTORELEASING = YES;
				CLANG_WARN_BOOL_CONVERSION = YES;
				CLANG_WARN_COMMA = YES;
				CLANG_WARN_CONSTANT_CONVERSION = YES;
				CLANG_WARN_DEPRECATED_OBJC_IMPLEMENTATIONS = YES;
				CLANG_WARN_DIRECT_OBJC_ISA_USAGE = YES_ERROR;
				CLANG_WARN_DOCUMENTATION_COMMENTS = YES;
				CLANG_WARN_EMPTY_BODY = YES;
				CLANG_WARN_ENUM_CONVERSION = YES;
				CLANG_WARN_INFINITE_RECURSION = YES;
				CLANG_WARN_INT_CONVERSION = YES;
				CLANG_WARN_NON_LITERAL_NULL_CONVERSION = YES;
				CLANG_WARN_OBJC_IMPLICIT_RETAIN_SELF = YES;
				CLANG_WARN_OBJC_LITERAL_CONVERSION = YES;
				CLANG_WARN_OBJC_ROOT_CLASS = YES_ERROR;
				CLANG_WARN_QUOTED_INCLUDE_IN_FRAMEWORK_HEADER = YES;
				CLANG_WARN_RANGE_LOOP_ANALYSIS = YES;
				CLANG_WARN_STRICT_PROTOTYPES = YES;
				CLANG_WARN_SUSPICIOUS_MOVE = YES;
				CLANG_WARN_UNGUARDED_AVAILABILITY = YES_AGGRESSIVE;
				CLANG_WARN_UNREACHABLE_CODE = YES;
				CLANG_WARN__DUPLICATE_METHOD_MATCH = YES;
				CODE_SIGN_STYLE = Automatic;
				COPY_PHASE_STRIP = NO;
				CURRENT_PROJECT_VERSION = 1;
				DEBUG_INFORMATION_FORMAT = "dwarf-with-dsym";
				DEVELOPMENT_TEAM = M8M22924DJ;
				ENABLE_NS_ASSERTIONS = NO;
				ENABLE_STRICT_OBJC_MSGSEND = YES;
				ENABLE_USER_SCRIPT_SANDBOXING = YES;
				GCC_C_LANGUAGE_STANDARD = gnu11;
				GCC_NO_COMMON_BLOCKS = YES;
				GCC_WARN_64_TO_32_BIT_CONVERSION = YES;
				GCC_WARN_ABOUT_RETURN_TYPE = YES_ERROR;
				GCC_WARN_UNDECLARED_SELECTOR = YES;
				GCC_WARN_UNINITIALIZED_AUTOS = YES_AGGRESSIVE;
				GCC_WARN_UNUSED_FUNCTION = YES;
				GCC_WARN_UNUSED_VARIABLE = YES;
				GENERATE_INFOPLIST_FILE = NO;
				IPHONEOS_DEPLOYMENT_TARGET = 26.0;
				MARKETING_VERSION = 1.0;
				MTL_ENABLE_DEBUG_INFO = NO;
				MTL_FAST_MATH = YES;
				PRODUCT_NAME = "$(TARGET_NAME)";
				SDKROOT = iphoneos;
				SWIFT_COMPILATION_MODE = wholemodule;
				SWIFT_OPTIMIZATION_LEVEL = "-O";
				SWIFT_VERSION = 5.0;
				TARGETED_DEVICE_FAMILY = 1;
			};
			name = Release;
		};
		88C0C6CC420F1E21B4BCA8E3 /* Release */ = {
			isa = XCBuildConfiguration;
			buildSettings = {
				ASSETCATALOG_COMPILER_APPICON_NAME = AppIcon;
				CODE_SIGNING_ALLOWED = YES;
				CODE_SIGN_IDENTITY = "iPhone Developer";
				INFOPLIST_FILE = Sources/Info.plist;
				LD_RUNPATH_SEARCH_PATHS = (
					"$(inherited)",
					"@executable_path/Frameworks",
				);
				PRODUCT_BUNDLE_IDENTIFIER = com.lukaloehr.AtlasAgents;
				SDKROOT = iphoneos;
				TARGETED_DEVICE_FAMILY = "1,2";
			};
			name = Release;
		};
		97630F2D4F9F042BA2DCD1FD /* Debug */ = {
			isa = XCBuildConfiguration;
			buildSettings = {
				ASSETCATALOG_COMPILER_APPICON_NAME = AppIcon;
				CODE_SIGNING_ALLOWED = YES;
				CODE_SIGN_IDENTITY = "iPhone Developer";
				INFOPLIST_FILE = Sources/Info.plist;
				LD_RUNPATH_SEARCH_PATHS = (
					"$(inherited)",
					"@executable_path/Frameworks",
				);
				PRODUCT_BUNDLE_IDENTIFIER = com.lukaloehr.AtlasAgents;
				SDKROOT = iphoneos;
				TARGETED_DEVICE_FAMILY = "1,2";
			};
			name = Debug;
		};
/* End XCBuildConfiguration section */

/* Begin XCConfigurationList section */
		01EE1063EC5CA4A78C2C022D /* Build configuration list for PBXNativeTarget "AtlasAgents" */ = {
			isa = XCConfigurationList;
			buildConfigurations = (
				97630F2D4F9F042BA2DCD1FD /* Debug */,
				88C0C6CC420F1E21B4BCA8E3 /* Release */,
			);
			defaultConfigurationIsVisible = 0;
			defaultConfigurationName = Debug;
		};
		021D29BF6B73610799985833 /* Build configuration list for PBXProject "AtlasAgents" */ = {
			isa = XCConfigurationList;
			buildConfigurations = (
				65BAC83636E34C89B0CDB76E /* Debug */,
				75813BADBCFFA2F1F367F048 /* Release */,
			);
			defaultConfigurationIsVisible = 0;
			defaultConfigurationName = Debug;
		};
		39693F19F4D7512ACE549170 /* Build configuration list for PBXNativeTarget "AtlasAgentsWidgets" */ = {
			isa = XCConfigurationList;
			buildConfigurations = (
				036114F8330E9738150482A4 /* Debug */,
				42E2E5E60F7C483EF127FD0B /* Release */,
			);
			defaultConfigurationIsVisible = 0;
			defaultConfigurationName = Debug;
		};
/* End XCConfigurationList section */
	};
	rootObject = CC711E323E9AAE61987CDC51 /* Project object */;
}
