// !$*UTF8*$!
{
	archiveVersion = 1;
	classes = {
	};
	objectVersion = 77;
	objects = {

/* Begin PBXBuildFile section */
		0CCB43BACFFC2458A4176887 /* DeviceSync.swift in Sources */ = {isa = PBXBuildFile; fileRef = 0FA05117D4A44B6CDB5B97E7 /* DeviceSync.swift */; };
		104F16511F000CA1A14F81F5 /* ShareSheet.swift in Sources */ = {isa = PBXBuildFile; fileRef = BB064C3E6924DDBE4B780911 /* ShareSheet.swift */; };
		14235C96F8EFBC89FEC17F27 /* Persons.swift in Sources */ = {isa = PBXBuildFile; fileRef = 79C42D7919149BA4822AE7BA /* Persons.swift */; };
		1C7CA176C17D55217C913CC2 /* PhotoPager.swift in Sources */ = {isa = PBXBuildFile; fileRef = 9A9CB16304AEA5C7381C4897 /* PhotoPager.swift */; };
		213D252DA6F4E06BAB1981AE /* PersonsScreen.swift in Sources */ = {isa = PBXBuildFile; fileRef = 5EAFE77072DF828736AC623E /* PersonsScreen.swift */; };
		22BF4F3E7926E0B5CBA024CC /* AlbumsScreen.swift in Sources */ = {isa = PBXBuildFile; fileRef = 5E271001EEACFDC1613F9099 /* AlbumsScreen.swift */; };
		40C8A08B67C041C6E2B4F5C9 /* PhotoClient.swift in Sources */ = {isa = PBXBuildFile; fileRef = 081AA19363B0F7F61289A83A /* PhotoClient.swift */; };
		6462884CEFDF99510D0D217C /* ThumbLoader.swift in Sources */ = {isa = PBXBuildFile; fileRef = 043B77CAFA27E5BC57559395 /* ThumbLoader.swift */; };
		64C77257AFAE0F0F55DDDFEA /* GraphScreen.swift in Sources */ = {isa = PBXBuildFile; fileRef = 27836E87B14FE09D557184A7 /* GraphScreen.swift */; };
		78C81DC70351D469708DEE7F /* SyncProgressView.swift in Sources */ = {isa = PBXBuildFile; fileRef = 480126F4F898D37E8C785DFE /* SyncProgressView.swift */; };
		85AFB539705431284204B332 /* AtlasPhotosApp.swift in Sources */ = {isa = PBXBuildFile; fileRef = 77FE98E8F36CF8A86B16CE5C /* AtlasPhotosApp.swift */; };
		8E2ADF1E7925DC671B539BD5 /* Selection.swift in Sources */ = {isa = PBXBuildFile; fileRef = 7A165AE2F024B83A19D123FF /* Selection.swift */; };
		8F305E880415843985637ABC /* InfoSheet.swift in Sources */ = {isa = PBXBuildFile; fileRef = 3C5A115D1BB28EB1D9E87C67 /* InfoSheet.swift */; };
		9A8354D2C2565F5B50BDB15F /* SelectableCell.swift in Sources */ = {isa = PBXBuildFile; fileRef = E58F26C8FB835E5B96E0759C /* SelectableCell.swift */; };
		9C49519587F7B2615F0F68DA /* Library.swift in Sources */ = {isa = PBXBuildFile; fileRef = E0E361A1829E694D7B7B01E0 /* Library.swift */; };
		A1F09DCABE82EFBC3626B0F6 /* AccountSheet.swift in Sources */ = {isa = PBXBuildFile; fileRef = AEE66DD575BDB3D6642F3FA6 /* AccountSheet.swift */; };
		ADEA9A0F31C4DE74E2DE34EE /* PhotoMutations.swift in Sources */ = {isa = PBXBuildFile; fileRef = 77AFE9267E419A4AC857969B /* PhotoMutations.swift */; };
		B90FD73F77ACE9DFAFA60477 /* Biometric.swift in Sources */ = {isa = PBXBuildFile; fileRef = F4BA119A6C9BBE9C74FDB980 /* Biometric.swift */; };
		BAEA3B2D9D10438C8748EE58 /* ViewerScreen.swift in Sources */ = {isa = PBXBuildFile; fileRef = 58FA23A68B97FFE3860830C7 /* ViewerScreen.swift */; };
		DD8D1044D43E94C24A0E88C1 /* SearchScreen.swift in Sources */ = {isa = PBXBuildFile; fileRef = 7BB3CBC06E2BA5F8B294F955 /* SearchScreen.swift */; };
		DE45417FA95FD7EC2ECC98DA /* PhotosScreen.swift in Sources */ = {isa = PBXBuildFile; fileRef = C95B77E69B202E1F523E82E8 /* PhotosScreen.swift */; };
		EAAF1E5328E7EF143017806E /* SettingsScreen.swift in Sources */ = {isa = PBXBuildFile; fileRef = E79E02F028649D1F555B6606 /* SettingsScreen.swift */; };
		F1FECD7F65BEBC852C228B47 /* PhotoInfo.swift in Sources */ = {isa = PBXBuildFile; fileRef = 390F3C4DE9B5FEB12796C427 /* PhotoInfo.swift */; };
		FD80372B37F49C98615424CE /* SelectionToolbar.swift in Sources */ = {isa = PBXBuildFile; fileRef = D16CC59624D2291D414C1918 /* SelectionToolbar.swift */; };
/* End PBXBuildFile section */

/* Begin PBXFileReference section */
		043B77CAFA27E5BC57559395 /* ThumbLoader.swift */ = {isa = PBXFileReference; lastKnownFileType = sourcecode.swift; path = ThumbLoader.swift; sourceTree = "<group>"; };
		081AA19363B0F7F61289A83A /* PhotoClient.swift */ = {isa = PBXFileReference; lastKnownFileType = sourcecode.swift; path = PhotoClient.swift; sourceTree = "<group>"; };
		0FA05117D4A44B6CDB5B97E7 /* DeviceSync.swift */ = {isa = PBXFileReference; lastKnownFileType = sourcecode.swift; path = DeviceSync.swift; sourceTree = "<group>"; };
		2139E5DC68A86791748F2BC1 /* Info.plist */ = {isa = PBXFileReference; lastKnownFileType = text.plist; path = Info.plist; sourceTree = "<group>"; };
		27836E87B14FE09D557184A7 /* GraphScreen.swift */ = {isa = PBXFileReference; lastKnownFileType = sourcecode.swift; path = GraphScreen.swift; sourceTree = "<group>"; };
		390F3C4DE9B5FEB12796C427 /* PhotoInfo.swift */ = {isa = PBXFileReference; lastKnownFileType = sourcecode.swift; path = PhotoInfo.swift; sourceTree = "<group>"; };
		3C5A115D1BB28EB1D9E87C67 /* InfoSheet.swift */ = {isa = PBXFileReference; lastKnownFileType = sourcecode.swift; path = InfoSheet.swift; sourceTree = "<group>"; };
		480126F4F898D37E8C785DFE /* SyncProgressView.swift */ = {isa = PBXFileReference; lastKnownFileType = sourcecode.swift; path = SyncProgressView.swift; sourceTree = "<group>"; };
		58FA23A68B97FFE3860830C7 /* ViewerScreen.swift */ = {isa = PBXFileReference; lastKnownFileType = sourcecode.swift; path = ViewerScreen.swift; sourceTree = "<group>"; };
		59C34C5F0C692E54904E981C /* AtlasPhotos.app */ = {isa = PBXFileReference; includeInIndex = 0; lastKnownFileType = wrapper.application; path = AtlasPhotos.app; sourceTree = BUILT_PRODUCTS_DIR; };
		5E271001EEACFDC1613F9099 /* AlbumsScreen.swift */ = {isa = PBXFileReference; lastKnownFileType = sourcecode.swift; path = AlbumsScreen.swift; sourceTree = "<group>"; };
		5EAFE77072DF828736AC623E /* PersonsScreen.swift */ = {isa = PBXFileReference; lastKnownFileType = sourcecode.swift; path = PersonsScreen.swift; sourceTree = "<group>"; };
		77AFE9267E419A4AC857969B /* PhotoMutations.swift */ = {isa = PBXFileReference; lastKnownFileType = sourcecode.swift; path = PhotoMutations.swift; sourceTree = "<group>"; };
		77FE98E8F36CF8A86B16CE5C /* AtlasPhotosApp.swift */ = {isa = PBXFileReference; lastKnownFileType = sourcecode.swift; path = AtlasPhotosApp.swift; sourceTree = "<group>"; };
		79C42D7919149BA4822AE7BA /* Persons.swift */ = {isa = PBXFileReference; lastKnownFileType = sourcecode.swift; path = Persons.swift; sourceTree = "<group>"; };
		7A165AE2F024B83A19D123FF /* Selection.swift */ = {isa = PBXFileReference; lastKnownFileType = sourcecode.swift; path = Selection.swift; sourceTree = "<group>"; };
		7BB3CBC06E2BA5F8B294F955 /* SearchScreen.swift */ = {isa = PBXFileReference; lastKnownFileType = sourcecode.swift; path = SearchScreen.swift; sourceTree = "<group>"; };
		9A9CB16304AEA5C7381C4897 /* PhotoPager.swift */ = {isa = PBXFileReference; lastKnownFileType = sourcecode.swift; path = PhotoPager.swift; sourceTree = "<group>"; };
		AEE66DD575BDB3D6642F3FA6 /* AccountSheet.swift */ = {isa = PBXFileReference; lastKnownFileType = sourcecode.swift; path = AccountSheet.swift; sourceTree = "<group>"; };
		BB064C3E6924DDBE4B780911 /* ShareSheet.swift */ = {isa = PBXFileReference; lastKnownFileType = sourcecode.swift; path = ShareSheet.swift; sourceTree = "<group>"; };
		C95B77E69B202E1F523E82E8 /* PhotosScreen.swift */ = {isa = PBXFileReference; lastKnownFileType = sourcecode.swift; path = PhotosScreen.swift; sourceTree = "<group>"; };
		D16CC59624D2291D414C1918 /* SelectionToolbar.swift */ = {isa = PBXFileReference; lastKnownFileType = sourcecode.swift; path = SelectionToolbar.swift; sourceTree = "<group>"; };
		E0E361A1829E694D7B7B01E0 /* Library.swift */ = {isa = PBXFileReference; lastKnownFileType = sourcecode.swift; path = Library.swift; sourceTree = "<group>"; };
		E58F26C8FB835E5B96E0759C /* SelectableCell.swift */ = {isa = PBXFileReference; lastKnownFileType = sourcecode.swift; path = SelectableCell.swift; sourceTree = "<group>"; };
		E79E02F028649D1F555B6606 /* SettingsScreen.swift */ = {isa = PBXFileReference; lastKnownFileType = sourcecode.swift; path = SettingsScreen.swift; sourceTree = "<group>"; };
		F4BA119A6C9BBE9C74FDB980 /* Biometric.swift */ = {isa = PBXFileReference; lastKnownFileType = sourcecode.swift; path = Biometric.swift; sourceTree = "<group>"; };
/* End PBXFileReference section */

/* Begin PBXGroup section */
		244CA6DD67DB79622273D7F6 = {
			isa = PBXGroup;
			children = (
				52F68A52E905CD332B536C68 /* Sources */,
				78403C856EE423CED92F95EF /* Products */,
			);
			sourceTree = "<group>";
		};
		52F68A52E905CD332B536C68 /* Sources */ = {
			isa = PBXGroup;
			children = (
				2139E5DC68A86791748F2BC1 /* Info.plist */,
				B57135C33B425DAF5C453F67 /* App */,
				D7801869ECBD20423A8D5C4D /* Model */,
				CC85756B49CA7666D872C58C /* Views */,
			);
			path = Sources;
			sourceTree = "<group>";
		};
		78403C856EE423CED92F95EF /* Products */ = {
			isa = PBXGroup;
			children = (
				59C34C5F0C692E54904E981C /* AtlasPhotos.app */,
			);
			name = Products;
			sourceTree = "<group>";
		};
		B57135C33B425DAF5C453F67 /* App */ = {
			isa = PBXGroup;
			children = (
				77FE98E8F36CF8A86B16CE5C /* AtlasPhotosApp.swift */,
			);
			path = App;
			sourceTree = "<group>";
		};
		CC85756B49CA7666D872C58C /* Views */ = {
			isa = PBXGroup;
			children = (
				AEE66DD575BDB3D6642F3FA6 /* AccountSheet.swift */,
				5E271001EEACFDC1613F9099 /* AlbumsScreen.swift */,
				27836E87B14FE09D557184A7 /* GraphScreen.swift */,
				3C5A115D1BB28EB1D9E87C67 /* InfoSheet.swift */,
				5EAFE77072DF828736AC623E /* PersonsScreen.swift */,
				9A9CB16304AEA5C7381C4897 /* PhotoPager.swift */,
				C95B77E69B202E1F523E82E8 /* PhotosScreen.swift */,
				7BB3CBC06E2BA5F8B294F955 /* SearchScreen.swift */,
				E58F26C8FB835E5B96E0759C /* SelectableCell.swift */,
				D16CC59624D2291D414C1918 /* SelectionToolbar.swift */,
				E79E02F028649D1F555B6606 /* SettingsScreen.swift */,
				BB064C3E6924DDBE4B780911 /* ShareSheet.swift */,
				480126F4F898D37E8C785DFE /* SyncProgressView.swift */,
				58FA23A68B97FFE3860830C7 /* ViewerScreen.swift */,
			);
			path = Views;
			sourceTree = "<group>";
		};
		D7801869ECBD20423A8D5C4D /* Model */ = {
			isa = PBXGroup;
			children = (
				F4BA119A6C9BBE9C74FDB980 /* Biometric.swift */,
				0FA05117D4A44B6CDB5B97E7 /* DeviceSync.swift */,
				E0E361A1829E694D7B7B01E0 /* Library.swift */,
				79C42D7919149BA4822AE7BA /* Persons.swift */,
				081AA19363B0F7F61289A83A /* PhotoClient.swift */,
				390F3C4DE9B5FEB12796C427 /* PhotoInfo.swift */,
				77AFE9267E419A4AC857969B /* PhotoMutations.swift */,
				7A165AE2F024B83A19D123FF /* Selection.swift */,
				043B77CAFA27E5BC57559395 /* ThumbLoader.swift */,
			);
			path = Model;
			sourceTree = "<group>";
		};
/* End PBXGroup section */

/* Begin PBXNativeTarget section */
		B96D8872D44FBF736DA09667 /* AtlasPhotos */ = {
			isa = PBXNativeTarget;
			buildConfigurationList = 7E1DF13E7A1A513DB68ECA51 /* Build configuration list for PBXNativeTarget "AtlasPhotos" */;
			buildPhases = (
				21E1312E3E502A0BF1122F78 /* Sources */,
			);
			buildRules = (
			);
			dependencies = (
			);
			name = AtlasPhotos;
			packageProductDependencies = (
			);
			productName = AtlasPhotos;
			productReference = 59C34C5F0C692E54904E981C /* AtlasPhotos.app */;
			productType = "com.apple.product-type.application";
		};
/* End PBXNativeTarget section */

/* Begin PBXProject section */
		364C97D5569811AABFAC599B /* Project object */ = {
			isa = PBXProject;
			attributes = {
				BuildIndependentTargetsInParallel = YES;
				LastUpgradeCheck = 1430;
				TargetAttributes = {
				};
			};
			buildConfigurationList = 6C71024C73E138F6C8DAA118 /* Build configuration list for PBXProject "AtlasPhotos" */;
			developmentRegion = en;
			hasScannedForEncodings = 0;
			knownRegions = (
				Base,
				en,
			);
			mainGroup = 244CA6DD67DB79622273D7F6;
			minimizedProjectReferenceProxies = 1;
			preferredProjectObjectVersion = 77;
			productRefGroup = 78403C856EE423CED92F95EF /* Products */;
			projectDirPath = "";
			projectRoot = "";
			targets = (
				B96D8872D44FBF736DA09667 /* AtlasPhotos */,
			);
		};
/* End PBXProject section */

/* Begin PBXSourcesBuildPhase section */
		21E1312E3E502A0BF1122F78 /* Sources */ = {
			isa = PBXSourcesBuildPhase;
			buildActionMask = 2147483647;
			files = (
				A1F09DCABE82EFBC3626B0F6 /* AccountSheet.swift in Sources */,
				22BF4F3E7926E0B5CBA024CC /* AlbumsScreen.swift in Sources */,
				85AFB539705431284204B332 /* AtlasPhotosApp.swift in Sources */,
				B90FD73F77ACE9DFAFA60477 /* Biometric.swift in Sources */,
				0CCB43BACFFC2458A4176887 /* DeviceSync.swift in Sources */,
				64C77257AFAE0F0F55DDDFEA /* GraphScreen.swift in Sources */,
				8F305E880415843985637ABC /* InfoSheet.swift in Sources */,
				9C49519587F7B2615F0F68DA /* Library.swift in Sources */,
				14235C96F8EFBC89FEC17F27 /* Persons.swift in Sources */,
				213D252DA6F4E06BAB1981AE /* PersonsScreen.swift in Sources */,
				40C8A08B67C041C6E2B4F5C9 /* PhotoClient.swift in Sources */,
				F1FECD7F65BEBC852C228B47 /* PhotoInfo.swift in Sources */,
				ADEA9A0F31C4DE74E2DE34EE /* PhotoMutations.swift in Sources */,
				1C7CA176C17D55217C913CC2 /* PhotoPager.swift in Sources */,
				DE45417FA95FD7EC2ECC98DA /* PhotosScreen.swift in Sources */,
				DD8D1044D43E94C24A0E88C1 /* SearchScreen.swift in Sources */,
				9A8354D2C2565F5B50BDB15F /* SelectableCell.swift in Sources */,
				8E2ADF1E7925DC671B539BD5 /* Selection.swift in Sources */,
				FD80372B37F49C98615424CE /* SelectionToolbar.swift in Sources */,
				EAAF1E5328E7EF143017806E /* SettingsScreen.swift in Sources */,
				104F16511F000CA1A14F81F5 /* ShareSheet.swift in Sources */,
				78C81DC70351D469708DEE7F /* SyncProgressView.swift in Sources */,
				6462884CEFDF99510D0D217C /* ThumbLoader.swift in Sources */,
				BAEA3B2D9D10438C8748EE58 /* ViewerScreen.swift in Sources */,
			);
			runOnlyForDeploymentPostprocessing = 0;
		};
/* End PBXSourcesBuildPhase section */

/* Begin XCBuildConfiguration section */
		3230FCE9DFF23CFD1FC45749 /* Debug */ = {
			isa = XCBuildConfiguration;
			buildSettings = {
				ALWAYS_SEARCH_USER_PATHS = NO;
				CLANG_ANALYZER_NONNULL = YES;
				CLANG_ANALYZER_NUMBER_OBJECT_CONVERSION = YES_AGGRESSIVE;
				CLANG_CXX_LANGUAGE_STANDARD = "gnu++14";
				CLANG_CXX_LIBRARY = "libc++";
				CLANG_ENABLE_MODULES = YES;
				CLANG_ENABLE_OBJC_ARC = YES;
				CLANG_ENABLE_OBJC_WEAK = YES;
				CLANG_WARN_BLOCK_CAPTURE_AUTORELEASING = YES;
				CLANG_WARN_BOOL_CONVERSION = YES;
				CLANG_WARN_COMMA = YES;
				CLANG_WARN_CONSTANT_CONVERSION = YES;
				CLANG_WARN_DEPRECATED_OBJC_IMPLEMENTATIONS = YES;
				CLANG_WARN_DIRECT_OBJC_ISA_USAGE = YES_ERROR;
				CLANG_WARN_DOCUMENTATION_COMMENTS = YES;
				CLANG_WARN_EMPTY_BODY = YES;
				CLANG_WARN_ENUM_CONVERSION = YES;
				CLANG_WARN_INFINITE_RECURSION = YES;
				CLANG_WARN_INT_CONVERSION = YES;
				CLANG_WARN_NON_LITERAL_NULL_CONVERSION = YES;
				CLANG_WARN_OBJC_IMPLICIT_RETAIN_SELF = YES;
				CLANG_WARN_OBJC_LITERAL_CONVERSION = YES;
				CLANG_WARN_OBJC_ROOT_CLASS = YES_ERROR;
				CLANG_WARN_QUOTED_INCLUDE_IN_FRAMEWORK_HEADER = YES;
				CLANG_WARN_RANGE_LOOP_ANALYSIS = YES;
				CLANG_WARN_STRICT_PROTOTYPES = YES;
				CLANG_WARN_SUSPICIOUS_MOVE = YES;
				CLANG_WARN_UNGUARDED_AVAILABILITY = YES_AGGRESSIVE;
				CLANG_WARN_UNREACHABLE_CODE = YES;
				CLANG_WARN__DUPLICATE_METHOD_MATCH = YES;
				COPY_PHASE_STRIP = NO;
				CURRENT_PROJECT_VERSION = 20;
				DEBUG_INFORMATION_FORMAT = dwarf;
				ENABLE_STRICT_OBJC_MSGSEND = YES;
				ENABLE_TESTABILITY = YES;
				GCC_C_LANGUAGE_STANDARD = gnu11;
				GCC_DYNAMIC_NO_PIC = NO;
				GCC_NO_COMMON_BLOCKS = YES;
				GCC_OPTIMIZATION_LEVEL = 0;
				GCC_PREPROCESSOR_DEFINITIONS = (
					"$(inherited)",
					"DEBUG=1",
				);
				GCC_WARN_64_TO_32_BIT_CONVERSION = YES;
				GCC_WARN_ABOUT_RETURN_TYPE = YES_ERROR;
				GCC_WARN_UNDECLARED_SELECTOR = YES;
				GCC_WARN_UNINITIALIZED_AUTOS = YES_AGGRESSIVE;
				GCC_WARN_UNUSED_FUNCTION = YES;
				GCC_WARN_UNUSED_VARIABLE = YES;
				GENERATE_INFOPLIST_FILE = NO;
				IPHONEOS_DEPLOYMENT_TARGET = 26.0;
				MARKETING_VERSION = 1.0;
				MTL_ENABLE_DEBUG_INFO = INCLUDE_SOURCE;
				MTL_FAST_MATH = YES;
				ONLY_ACTIVE_ARCH = YES;
				PRODUCT_NAME = "$(TARGET_NAME)";
				SDKROOT = iphoneos;
				SWIFT_ACTIVE_COMPILATION_CONDITIONS = DEBUG;
				SWIFT_OPTIMIZATION_LEVEL = "-Onone";
				SWIFT_VERSION = 5.0;
				TARGETED_DEVICE_FAMILY = 1;
			};
			name = Debug;
		};
		663F06371509F0688BA9C69E /* Release */ = {
			isa = XCBuildConfiguration;
			buildSettings = {
				ASSETCATALOG_COMPILER_APPICON_NAME = AppIcon;
				CODE_SIGNING_ALLOWED = NO;
				CODE_SIGN_IDENTITY = "iPhone Developer";
				INFOPLIST_FILE = Sources/Info.plist;
				LD_RUNPATH_SEARCH_PATHS = (
					"$(inherited)",
					"@executable_path/Frameworks",
				);
				PRODUCT_BUNDLE_IDENTIFIER = com.lukaloehr.AtlasPhotos;
				SDKROOT = iphoneos;
				TARGETED_DEVICE_FAMILY = "1,2";
			};
			name = Release;
		};
		7DC97D59D03BE1B3A1A7B216 /* Release */ = {
			isa = XCBuildConfiguration;
			buildSettings = {
				ALWAYS_SEARCH_USER_PATHS = NO;
				CLANG_ANALYZER_NONNULL = YES;
				CLANG_ANALYZER_NUMBER_OBJECT_CONVERSION = YES_AGGRESSIVE;
				CLANG_CXX_LANGUAGE_STANDARD = "gnu++14";
				CLANG_CXX_LIBRARY = "libc++";
				CLANG_ENABLE_MODULES = YES;
				CLANG_ENABLE_OBJC_ARC = YES;
				CLANG_ENABLE_OBJC_WEAK = YES;
				CLANG_WARN_BLOCK_CAPTURE_AUTORELEASING = YES;
				CLANG_WARN_BOOL_CONVERSION = YES;
				CLANG_WARN_COMMA = YES;
				CLANG_WARN_CONSTANT_CONVERSION = YES;
				CLANG_WARN_DEPRECATED_OBJC_IMPLEMENTATIONS = YES;
				CLANG_WARN_DIRECT_OBJC_ISA_USAGE = YES_ERROR;
				CLANG_WARN_DOCUMENTATION_COMMENTS = YES;
				CLANG_WARN_EMPTY_BODY = YES;
				CLANG_WARN_ENUM_CONVERSION = YES;
				CLANG_WARN_INFINITE_RECURSION = YES;
				CLANG_WARN_INT_CONVERSION = YES;
				CLANG_WARN_NON_LITERAL_NULL_CONVERSION = YES;
				CLANG_WARN_OBJC_IMPLICIT_RETAIN_SELF = YES;
				CLANG_WARN_OBJC_LITERAL_CONVERSION = YES;
				CLANG_WARN_OBJC_ROOT_CLASS = YES_ERROR;
				CLANG_WARN_QUOTED_INCLUDE_IN_FRAMEWORK_HEADER = YES;
				CLANG_WARN_RANGE_LOOP_ANALYSIS = YES;
				CLANG_WARN_STRICT_PROTOTYPES = YES;
				CLANG_WARN_SUSPICIOUS_MOVE = YES;
				CLANG_WARN_UNGUARDED_AVAILABILITY = YES_AGGRESSIVE;
				CLANG_WARN_UNREACHABLE_CODE = YES;
				CLANG_WARN__DUPLICATE_METHOD_MATCH = YES;
				COPY_PHASE_STRIP = NO;
				CURRENT_PROJECT_VERSION = 20;
				DEBUG_INFORMATION_FORMAT = "dwarf-with-dsym";
				ENABLE_NS_ASSERTIONS = NO;
				ENABLE_STRICT_OBJC_MSGSEND = YES;
				GCC_C_LANGUAGE_STANDARD = gnu11;
				GCC_NO_COMMON_BLOCKS = YES;
				GCC_WARN_64_TO_32_BIT_CONVERSION = YES;
				GCC_WARN_ABOUT_RETURN_TYPE = YES_ERROR;
				GCC_WARN_UNDECLARED_SELECTOR = YES;
				GCC_WARN_UNINITIALIZED_AUTOS = YES_AGGRESSIVE;
				GCC_WARN_UNUSED_FUNCTION = YES;
				GCC_WARN_UNUSED_VARIABLE = YES;
				GENERATE_INFOPLIST_FILE = NO;
				IPHONEOS_DEPLOYMENT_TARGET = 26.0;
				MARKETING_VERSION = 1.0;
				MTL_ENABLE_DEBUG_INFO = NO;
				MTL_FAST_MATH = YES;
				PRODUCT_NAME = "$(TARGET_NAME)";
				SDKROOT = iphoneos;
				SWIFT_COMPILATION_MODE = wholemodule;
				SWIFT_OPTIMIZATION_LEVEL = "-O";
				SWIFT_VERSION = 5.0;
				TARGETED_DEVICE_FAMILY = 1;
			};
			name = Release;
		};
		968219E7E9EC20D0D25D9D9C /* Debug */ = {
			isa = XCBuildConfiguration;
			buildSettings = {
				ASSETCATALOG_COMPILER_APPICON_NAME = AppIcon;
				CODE_SIGNING_ALLOWED = NO;
				CODE_SIGN_IDENTITY = "iPhone Developer";
				INFOPLIST_FILE = Sources/Info.plist;
				LD_RUNPATH_SEARCH_PATHS = (
					"$(inherited)",
					"@executable_path/Frameworks",
				);
				PRODUCT_BUNDLE_IDENTIFIER = com.lukaloehr.AtlasPhotos;
				SDKROOT = iphoneos;
				TARGETED_DEVICE_FAMILY = "1,2";
			};
			name = Debug;
		};
/* End XCBuildConfiguration section */

/* Begin XCConfigurationList section */
		6C71024C73E138F6C8DAA118 /* Build configuration list for PBXProject "AtlasPhotos" */ = {
			isa = XCConfigurationList;
			buildConfigurations = (
				3230FCE9DFF23CFD1FC45749 /* Debug */,
				7DC97D59D03BE1B3A1A7B216 /* Release */,
			);
			defaultConfigurationIsVisible = 0;
			defaultConfigurationName = Debug;
		};
		7E1DF13E7A1A513DB68ECA51 /* Build configuration list for PBXNativeTarget "AtlasPhotos" */ = {
			isa = XCConfigurationList;
			buildConfigurations = (
				968219E7E9EC20D0D25D9D9C /* Debug */,
				663F06371509F0688BA9C69E /* Release */,
			);
			defaultConfigurationIsVisible = 0;
			defaultConfigurationName = Debug;
		};
/* End XCConfigurationList section */
	};
	rootObject = 364C97D5569811AABFAC599B /* Project object */;
}
